
Microsoft Visual Studio Solution File, Format Version 12.00
# Visual Studio 2013
VisualStudioVersion = 12.0.30723.0
MinimumVisualStudioVersion = 10.0.40219.1
Project("{2150E333-8FDC-42A3-9474-1A3956D46DE8}") = ".nuget", ".nuget", "{FEE03F14-DCD8-4208-A8B9-BC2A1497507D}"
	ProjectSection(SolutionItems) = preProject
		.nuget\NuGet.Config = .nuget\NuGet.Config
		.nuget\NuGet.exe = .nuget\NuGet.exe
		.nuget\NuGet.targets = .nuget\NuGet.targets
	EndProjectSection
EndProject
Project("{2150E333-8FDC-42A3-9474-1A3956D46DE8}") = "Core", "Core", "{0B85EBDA-504F-4484-A3C6-A912F593CFF2}"
EndProject
Project("{2150E333-8FDC-42A3-9474-1A3956D46DE8}") = "Extended", "Extended", "{BBCA0133-D1C2-4670-B8D4-4F8A780F6D3B}"
EndProject
Project("{FAE04EC0-301F-11D3-BF4B-00C04F79EFBC}") = "HermEsb.Core", "Core\HermEsb.Core\HermEsb.Core.csproj", "{ABAD7CC1-9A85-4F5E-9109-D00F5700CAF1}"
EndProject
Project("{FAE04EC0-301F-11D3-BF4B-00C04F79EFBC}") = "HermEsb.Logging", "Extended\HermEsb.Logging\HermEsb.Logging.csproj", "{9A6B1507-AE61-4773-9D72-718E33106397}"
EndProject
Project("{2150E333-8FDC-42A3-9474-1A3956D46DE8}") = "Configuration", "Configuration", "{D320D6BB-017B-4355-B8EC-A3195D688AF2}"
EndProject
Project("{FAE04EC0-301F-11D3-BF4B-00C04F79EFBC}") = "HermEsb.Configuration", "Configuration\HermEsb.Configuration\HermEsb.Configuration.csproj", "{52ED72A3-CB7B-4E4E-BDD4-B69BA2539BB7}"
EndProject
Project("{2150E333-8FDC-42A3-9474-1A3956D46DE8}") = "Samples", "Samples", "{033771BF-81F0-4DBC-9D91-0F1AE6E42D3F}"
EndProject
Project("{2150E333-8FDC-42A3-9474-1A3956D46DE8}") = "BasicBusSample", "BasicBusSample", "{361A2EE4-052E-48A9-9C85-384BE33919BC}"
EndProject
Project("{FAE04EC0-301F-11D3-BF4B-00C04F79EFBC}") = "BasicBusSample", "Samples\BasicBusSample\BasicBusSample\BasicBusSample.csproj", "{65D9260A-4427-4279-ACAF-FF75DF665CDC}"
EndProject
Project("{FAE04EC0-301F-11D3-BF4B-00C04F79EFBC}") = "BasicSampleContracts", "Samples\BasicBusSample\BasicSampleContracts\BasicSampleContracts.csproj", "{C9D7DA8E-0289-4BAE-A4D3-CAF5DAD07685}"
EndProject
Project("{FAE04EC0-301F-11D3-BF4B-00C04F79EFBC}") = "BasicSampleService", "Samples\BasicBusSample\BasicSampleService\BasicSampleService.csproj", "{572DD0A2-1007-4E66-B8CB-33A17EF8396E}"
EndProject
Project("{FAE04EC0-301F-11D3-BF4B-00C04F79EFBC}") = "BasicSamplePublisher", "Samples\BasicBusSample\BasicSamplePublisher\BasicSamplePublisher.csproj", "{E515458A-256B-4A4E-9F36-DFB49CDCEE94}"
EndProject
Project("{FAE04EC0-301F-11D3-BF4B-00C04F79EFBC}") = "HermEsb.Core.Test", "Core\HermEsb.Core.Test\HermEsb.Core.Test.csproj", "{90DB8110-EC48-4AC8-BC1F-5B3600CFCF14}"
EndProject
Project("{2150E333-8FDC-42A3-9474-1A3956D46DE8}") = "Solution Items", "Solution Items", "{B7F6D59D-1EF5-48F5-BF33-EB17A4E4F975}"
	ProjectSection(SolutionItems) = preProject
		Performance1.psess = Performance1.psess
	EndProjectSection
EndProject
Project("{2150E333-8FDC-42A3-9474-1A3956D46DE8}") = "Monitoring", "Monitoring", "{61666072-CE36-46CC-B398-B247812CD3B3}"
EndProject
Project("{FAE04EC0-301F-11D3-BF4B-00C04F79EFBC}") = "HermEsb.Monitoring", "Monitoring\HermEsb.Monitoring\HermEsb.Monitoring.csproj", "{97A0FB89-618E-4BB6-9DD3-0D533BFDB8AE}"
EndProject
Project("{2150E333-8FDC-42A3-9474-1A3956D46DE8}") = "SenderReceiver", "SenderReceiver", "{28A04C94-9EC1-44C1-8D07-5C0C03296189}"
EndProject
Project("{FAE04EC0-301F-11D3-BF4B-00C04F79EFBC}") = "SenderSample", "Samples\SenderReceiver\SenderSample\SenderSample.csproj", "{0375FE71-E444-47F8-9982-A0903C5AAC3C}"
EndProject
Project("{FAE04EC0-301F-11D3-BF4B-00C04F79EFBC}") = "ReceiverSampleContracts", "Samples\SenderReceiver\ReceiverSampleContracts\ReceiverSampleContracts.csproj", "{635000E5-C73D-4639-8DF2-C3E5A96A9336}"
EndProject
Project("{FAE04EC0-301F-11D3-BF4B-00C04F79EFBC}") = "ReceiverSample", "Samples\SenderReceiver\ReceiverSample\ReceiverSample.csproj", "{6CFF7AAE-12E3-4D02-918F-FBB5A470888A}"
EndProject
Global
	GlobalSection(SolutionConfigurationPlatforms) = preSolution
		Debug|Any CPU = Debug|Any CPU
		Debug|Mixed Platforms = Debug|Mixed Platforms
		Debug|x64 = Debug|x64
		Debug|x86 = Debug|x86
		Release|Any CPU = Release|Any CPU
		Release|Mixed Platforms = Release|Mixed Platforms
		Release|x64 = Release|x64
		Release|x86 = Release|x86
	EndGlobalSection
	GlobalSection(ProjectConfigurationPlatforms) = postSolution
		{ABAD7CC1-9A85-4F5E-9109-D00F5700CAF1}.Debug|Any CPU.ActiveCfg = Debug|Any CPU
		{ABAD7CC1-9A85-4F5E-9109-D00F5700CAF1}.Debug|Any CPU.Build.0 = Debug|Any CPU
		{ABAD7CC1-9A85-4F5E-9109-D00F5700CAF1}.Debug|Mixed Platforms.ActiveCfg = Debug|Any CPU
		{ABAD7CC1-9A85-4F5E-9109-D00F5700CAF1}.Debug|Mixed Platforms.Build.0 = Debug|Any CPU
		{ABAD7CC1-9A85-4F5E-9109-D00F5700CAF1}.Debug|x64.ActiveCfg = Debug|Any CPU
		{ABAD7CC1-9A85-4F5E-9109-D00F5700CAF1}.Debug|x86.ActiveCfg = Debug|Any CPU
		{ABAD7CC1-9A85-4F5E-9109-D00F5700CAF1}.Release|Any CPU.ActiveCfg = Release|Any CPU
		{ABAD7CC1-9A85-4F5E-9109-D00F5700CAF1}.Release|Any CPU.Build.0 = Release|Any CPU
		{ABAD7CC1-9A85-4F5E-9109-D00F5700CAF1}.Release|Mixed Platforms.ActiveCfg = Release|Any CPU
		{ABAD7CC1-9A85-4F5E-9109-D00F5700CAF1}.Release|Mixed Platforms.Build.0 = Release|Any CPU
		{ABAD7CC1-9A85-4F5E-9109-D00F5700CAF1}.Release|x64.ActiveCfg = Release|Any CPU
		{ABAD7CC1-9A85-4F5E-9109-D00F5700CAF1}.Release|x86.ActiveCfg = Release|Any CPU
		{9A6B1507-AE61-4773-9D72-718E33106397}.Debug|Any CPU.ActiveCfg = Debug|Any CPU
		{9A6B1507-AE61-4773-9D72-718E33106397}.Debug|Any CPU.Build.0 = Debug|Any CPU
		{9A6B1507-AE61-4773-9D72-718E33106397}.Debug|Mixed Platforms.ActiveCfg = Debug|Any CPU
		{9A6B1507-AE61-4773-9D72-718E33106397}.Debug|Mixed Platforms.Build.0 = Debug|Any CPU
		{9A6B1507-AE61-4773-9D72-718E33106397}.Debug|x64.ActiveCfg = Debug|Any CPU
		{9A6B1507-AE61-4773-9D72-718E33106397}.Debug|x86.ActiveCfg = Debug|Any CPU
		{9A6B1507-AE61-4773-9D72-718E33106397}.Release|Any CPU.ActiveCfg = Release|Any CPU
		{9A6B1507-AE61-4773-9D72-718E33106397}.Release|Any CPU.Build.0 = Release|Any CPU
		{9A6B1507-AE61-4773-9D72-718E33106397}.Release|Mixed Platforms.ActiveCfg = Release|Any CPU
		{9A6B1507-AE61-4773-9D72-718E33106397}.Release|Mixed Platforms.Build.0 = Release|Any CPU
		{9A6B1507-AE61-4773-9D72-718E33106397}.Release|x64.ActiveCfg = Release|Any CPU
		{9A6B1507-AE61-4773-9D72-718E33106397}.Release|x86.ActiveCfg = Release|Any CPU
		{52ED72A3-CB7B-4E4E-BDD4-B69BA2539BB7}.Debug|Any CPU.ActiveCfg = Debug|Any CPU
		{52ED72A3-CB7B-4E4E-BDD4-B69BA2539BB7}.Debug|Any CPU.Build.0 = Debug|Any CPU
		{52ED72A3-CB7B-4E4E-BDD4-B69BA2539BB7}.Debug|Mixed Platforms.ActiveCfg = Debug|Any CPU
		{52ED72A3-CB7B-4E4E-BDD4-B69BA2539BB7}.Debug|Mixed Platforms.Build.0 = Debug|Any CPU
		{52ED72A3-CB7B-4E4E-BDD4-B69BA2539BB7}.Debug|x64.ActiveCfg = Debug|Any CPU
		{52ED72A3-CB7B-4E4E-BDD4-B69BA2539BB7}.Debug|x86.ActiveCfg = Debug|Any CPU
		{52ED72A3-CB7B-4E4E-BDD4-B69BA2539BB7}.Release|Any CPU.ActiveCfg = Release|Any CPU
		{52ED72A3-CB7B-4E4E-BDD4-B69BA2539BB7}.Release|Any CPU.Build.0 = Release|Any CPU
		{52ED72A3-CB7B-4E4E-BDD4-B69BA2539BB7}.Release|Mixed Platforms.ActiveCfg = Release|Any CPU
		{52ED72A3-CB7B-4E4E-BDD4-B69BA2539BB7}.Release|Mixed Platforms.Build.0 = Release|Any CPU
		{52ED72A3-CB7B-4E4E-BDD4-B69BA2539BB7}.Release|x64.ActiveCfg = Release|Any CPU
		{52ED72A3-CB7B-4E4E-BDD4-B69BA2539BB7}.Release|x86.ActiveCfg = Release|Any CPU
		{65D9260A-4427-4279-ACAF-FF75DF665CDC}.Debug|Any CPU.ActiveCfg = Debug|x86
		{65D9260A-4427-4279-ACAF-FF75DF665CDC}.Debug|Mixed Platforms.ActiveCfg = Debug|x86
		{65D9260A-4427-4279-ACAF-FF75DF665CDC}.Debug|Mixed Platforms.Build.0 = Debug|x86
		{65D9260A-4427-4279-ACAF-FF75DF665CDC}.Debug|x64.ActiveCfg = Debug|x86
		{65D9260A-4427-4279-ACAF-FF75DF665CDC}.Debug|x86.ActiveCfg = Debug|x86
		{65D9260A-4427-4279-ACAF-FF75DF665CDC}.Debug|x86.Build.0 = Debug|x86
		{65D9260A-4427-4279-ACAF-FF75DF665CDC}.Release|Any CPU.ActiveCfg = Release|x86
		{65D9260A-4427-4279-ACAF-FF75DF665CDC}.Release|Mixed Platforms.ActiveCfg = Release|x86
		{65D9260A-4427-4279-ACAF-FF75DF665CDC}.Release|Mixed Platforms.Build.0 = Release|x86
		{65D9260A-4427-4279-ACAF-FF75DF665CDC}.Release|x64.ActiveCfg = Release|x86
		{65D9260A-4427-4279-ACAF-FF75DF665CDC}.Release|x86.ActiveCfg = Release|x86
		{65D9260A-4427-4279-ACAF-FF75DF665CDC}.Release|x86.Build.0 = Release|x86
		{C9D7DA8E-0289-4BAE-A4D3-CAF5DAD07685}.Debug|Any CPU.ActiveCfg = Debug|Any CPU
		{C9D7DA8E-0289-4BAE-A4D3-CAF5DAD07685}.Debug|Any CPU.Build.0 = Debug|Any CPU
		{C9D7DA8E-0289-4BAE-A4D3-CAF5DAD07685}.Debug|Mixed Platforms.ActiveCfg = Debug|Any CPU
		{C9D7DA8E-0289-4BAE-A4D3-CAF5DAD07685}.Debug|Mixed Platforms.Build.0 = Debug|Any CPU
		{C9D7DA8E-0289-4BAE-A4D3-CAF5DAD07685}.Debug|x64.ActiveCfg = Debug|Any CPU
		{C9D7DA8E-0289-4BAE-A4D3-CAF5DAD07685}.Debug|x86.ActiveCfg = Debug|Any CPU
		{C9D7DA8E-0289-4BAE-A4D3-CAF5DAD07685}.Release|Any CPU.ActiveCfg = Release|Any CPU
		{C9D7DA8E-0289-4BAE-A4D3-CAF5DAD07685}.Release|Any CPU.Build.0 = Release|Any CPU
		{C9D7DA8E-0289-4BAE-A4D3-CAF5DAD07685}.Release|Mixed Platforms.ActiveCfg = Release|Any CPU
		{C9D7DA8E-0289-4BAE-A4D3-CAF5DAD07685}.Release|Mixed Platforms.Build.0 = Release|Any CPU
		{C9D7DA8E-0289-4BAE-A4D3-CAF5DAD07685}.Release|x64.ActiveCfg = Release|Any CPU
		{C9D7DA8E-0289-4BAE-A4D3-CAF5DAD07685}.Release|x86.ActiveCfg = Release|Any CPU
		{572DD0A2-1007-4E66-B8CB-33A17EF8396E}.Debug|Any CPU.ActiveCfg = Debug|x86
		{572DD0A2-1007-4E66-B8CB-33A17EF8396E}.Debug|Mixed Platforms.ActiveCfg = Debug|x86
		{572DD0A2-1007-4E66-B8CB-33A17EF8396E}.Debug|Mixed Platforms.Build.0 = Debug|x86
		{572DD0A2-1007-4E66-B8CB-33A17EF8396E}.Debug|x64.ActiveCfg = Debug|x86
		{572DD0A2-1007-4E66-B8CB-33A17EF8396E}.Debug|x86.ActiveCfg = Debug|x86
		{572DD0A2-1007-4E66-B8CB-33A17EF8396E}.Debug|x86.Build.0 = Debug|x86
		{572DD0A2-1007-4E66-B8CB-33A17EF8396E}.Release|Any CPU.ActiveCfg = Release|x86
		{572DD0A2-1007-4E66-B8CB-33A17EF8396E}.Release|Mixed Platforms.ActiveCfg = Release|x86
		{572DD0A2-1007-4E66-B8CB-33A17EF8396E}.Release|Mixed Platforms.Build.0 = Release|x86
		{572DD0A2-1007-4E66-B8CB-33A17EF8396E}.Release|x64.ActiveCfg = Release|x86
		{572DD0A2-1007-4E66-B8CB-33A17EF8396E}.Release|x86.ActiveCfg = Release|x86
		{572DD0A2-1007-4E66-B8CB-33A17EF8396E}.Release|x86.Build.0 = Release|x86
		{E515458A-256B-4A4E-9F36-DFB49CDCEE94}.Debug|Any CPU.ActiveCfg = Debug|x86
		{E515458A-256B-4A4E-9F36-DFB49CDCEE94}.Debug|Mixed Platforms.ActiveCfg = Debug|x86
		{E515458A-256B-4A4E-9F36-DFB49CDCEE94}.Debug|Mixed Platforms.Build.0 = Debug|x86
		{E515458A-256B-4A4E-9F36-DFB49CDCEE94}.Debug|x64.ActiveCfg = Debug|x86
		{E515458A-256B-4A4E-9F36-DFB49CDCEE94}.Debug|x86.ActiveCfg = Debug|x86
		{E515458A-256B-4A4E-9F36-DFB49CDCEE94}.Debug|x86.Build.0 = Debug|x86
		{E515458A-256B-4A4E-9F36-DFB49CDCEE94}.Release|Any CPU.ActiveCfg = Release|x86
		{E515458A-256B-4A4E-9F36-DFB49CDCEE94}.Release|Mixed Platforms.ActiveCfg = Release|x86
		{E515458A-256B-4A4E-9F36-DFB49CDCEE94}.Release|Mixed Platforms.Build.0 = Release|x86
		{E515458A-256B-4A4E-9F36-DFB49CDCEE94}.Release|x64.ActiveCfg = Release|x86
		{E515458A-256B-4A4E-9F36-DFB49CDCEE94}.Release|x86.ActiveCfg = Release|x86
		{E515458A-256B-4A4E-9F36-DFB49CDCEE94}.Release|x86.Build.0 = Release|x86
		{90DB8110-EC48-4AC8-BC1F-5B3600CFCF14}.Debug|Any CPU.ActiveCfg = Debug|Any CPU
		{90DB8110-EC48-4AC8-BC1F-5B3600CFCF14}.Debug|Any CPU.Build.0 = Debug|Any CPU
		{90DB8110-EC48-4AC8-BC1F-5B3600CFCF14}.Debug|Mixed Platforms.ActiveCfg = Debug|Any CPU
		{90DB8110-EC48-4AC8-BC1F-5B3600CFCF14}.Debug|Mixed Platforms.Build.0 = Debug|Any CPU
		{90DB8110-EC48-4AC8-BC1F-5B3600CFCF14}.Debug|x64.ActiveCfg = Debug|Any CPU
		{90DB8110-EC48-4AC8-BC1F-5B3600CFCF14}.Debug|x86.ActiveCfg = Debug|Any CPU
		{90DB8110-EC48-4AC8-BC1F-5B3600CFCF14}.Release|Any CPU.ActiveCfg = Release|Any CPU
		{90DB8110-EC48-4AC8-BC1F-5B3600CFCF14}.Release|Any CPU.Build.0 = Release|Any CPU
		{90DB8110-EC48-4AC8-BC1F-5B3600CFCF14}.Release|Mixed Platforms.ActiveCfg = Release|Any CPU
		{90DB8110-EC48-4AC8-BC1F-5B3600CFCF14}.Release|Mixed Platforms.Build.0 = Release|Any CPU
		{90DB8110-EC48-4AC8-BC1F-5B3600CFCF14}.Release|x64.ActiveCfg = Release|Any CPU
		{90DB8110-EC48-4AC8-BC1F-5B3600CFCF14}.Release|x86.ActiveCfg = Release|Any CPU
		{97A0FB89-618E-4BB6-9DD3-0D533BFDB8AE}.Debug|Any CPU.ActiveCfg = Debug|Any CPU
		{97A0FB89-618E-4BB6-9DD3-0D533BFDB8AE}.Debug|Any CPU.Build.0 = Debug|Any CPU
		{97A0FB89-618E-4BB6-9DD3-0D533BFDB8AE}.Debug|Mixed Platforms.ActiveCfg = Debug|Any CPU
		{97A0FB89-618E-4BB6-9DD3-0D533BFDB8AE}.Debug|Mixed Platforms.Build.0 = Debug|Any CPU
		{97A0FB89-618E-4BB6-9DD3-0D533BFDB8AE}.Debug|x64.ActiveCfg = Debug|Any CPU
		{97A0FB89-618E-4BB6-9DD3-0D533BFDB8AE}.Debug|x86.ActiveCfg = Debug|Any CPU
		{97A0FB89-618E-4BB6-9DD3-0D533BFDB8AE}.Release|Any CPU.ActiveCfg = Release|Any CPU
		{97A0FB89-618E-4BB6-9DD3-0D533BFDB8AE}.Release|Any CPU.Build.0 = Release|Any CPU
		{97A0FB89-618E-4BB6-9DD3-0D533BFDB8AE}.Release|Mixed Platforms.ActiveCfg = Release|Any CPU
		{97A0FB89-618E-4BB6-9DD3-0D533BFDB8AE}.Release|Mixed Platforms.Build.0 = Release|Any CPU
		{97A0FB89-618E-4BB6-9DD3-0D533BFDB8AE}.Release|x64.ActiveCfg = Release|Any CPU
		{97A0FB89-618E-4BB6-9DD3-0D533BFDB8AE}.Release|x86.ActiveCfg = Release|Any CPU
		{0375FE71-E444-47F8-9982-A0903C5AAC3C}.Debug|Any CPU.ActiveCfg = Debug|Any CPU
		{0375FE71-E444-47F8-9982-A0903C5AAC3C}.Debug|Any CPU.Build.0 = Debug|Any CPU
		{0375FE71-E444-47F8-9982-A0903C5AAC3C}.Debug|Mixed Platforms.ActiveCfg = Debug|x64
		{0375FE71-E444-47F8-9982-A0903C5AAC3C}.Debug|Mixed Platforms.Build.0 = Debug|x64
		{0375FE71-E444-47F8-9982-A0903C5AAC3C}.Debug|x64.ActiveCfg = Debug|x64
		{0375FE71-E444-47F8-9982-A0903C5AAC3C}.Debug|x64.Build.0 = Debug|x64
		{0375FE71-E444-47F8-9982-A0903C5AAC3C}.Debug|x86.ActiveCfg = Debug|Any CPU
		{0375FE71-E444-47F8-9982-A0903C5AAC3C}.Release|Any CPU.ActiveCfg = Release|Any CPU
		{0375FE71-E444-47F8-9982-A0903C5AAC3C}.Release|Any CPU.Build.0 = Release|Any CPU
		{0375FE71-E444-47F8-9982-A0903C5AAC3C}.Release|Mixed Platforms.ActiveCfg = Release|Any CPU
		{0375FE71-E444-47F8-9982-A0903C5AAC3C}.Release|Mixed Platforms.Build.0 = Release|Any CPU
		{0375FE71-E444-47F8-9982-A0903C5AAC3C}.Release|x64.ActiveCfg = Release|x64
		{0375FE71-E444-47F8-9982-A0903C5AAC3C}.Release|x64.Build.0 = Release|x64
		{0375FE71-E444-47F8-9982-A0903C5AAC3C}.Release|x86.ActiveCfg = Release|Any CPU
		{635000E5-C73D-4639-8DF2-C3E5A96A9336}.Debug|Any CPU.ActiveCfg = Debug|Any CPU
		{635000E5-C73D-4639-8DF2-C3E5A96A9336}.Debug|Any CPU.Build.0 = Debug|Any CPU
		{635000E5-C73D-4639-8DF2-C3E5A96A9336}.Debug|Mixed Platforms.ActiveCfg = Debug|Any CPU
		{635000E5-C73D-4639-8DF2-C3E5A96A9336}.Debug|Mixed Platforms.Build.0 = Debug|Any CPU
		{635000E5-C73D-4639-8DF2-C3E5A96A9336}.Debug|x64.ActiveCfg = Debug|Any CPU
		{635000E5-C73D-4639-8DF2-C3E5A96A9336}.Debug|x86.ActiveCfg = Debug|Any CPU
		{635000E5-C73D-4639-8DF2-C3E5A96A9336}.Release|Any CPU.ActiveCfg = Release|Any CPU
		{635000E5-C73D-4639-8DF2-C3E5A96A9336}.Release|Any CPU.Build.0 = Release|Any CPU
		{635000E5-C73D-4639-8DF2-C3E5A96A9336}.Release|Mixed Platforms.ActiveCfg = Release|Any CPU
		{635000E5-C73D-4639-8DF2-C3E5A96A9336}.Release|Mixed Platforms.Build.0 = Release|Any CPU
		{635000E5-C73D-4639-8DF2-C3E5A96A9336}.Release|x64.ActiveCfg = Release|Any CPU
		{635000E5-C73D-4639-8DF2-C3E5A96A9336}.Release|x86.ActiveCfg = Release|Any CPU
		{6CFF7AAE-12E3-4D02-918F-FBB5A470888A}.Debug|Any CPU.ActiveCfg = Debug|Any CPU
		{6CFF7AAE-12E3-4D02-918F-FBB5A470888A}.Debug|Any CPU.Build.0 = Debug|Any CPU
		{6CFF7AAE-12E3-4D02-918F-FBB5A470888A}.Debug|Mixed Platforms.ActiveCfg = Debug|Any CPU
		{6CFF7AAE-12E3-4D02-918F-FBB5A470888A}.Debug|Mixed Platforms.Build.0 = Debug|Any CPU
		{6CFF7AAE-12E3-4D02-918F-FBB5A470888A}.Debug|x64.ActiveCfg = Debug|Any CPU
		{6CFF7AAE-12E3-4D02-918F-FBB5A470888A}.Debug|x86.ActiveCfg = Debug|Any CPU
		{6CFF7AAE-12E3-4D02-918F-FBB5A470888A}.Release|Any CPU.ActiveCfg = Release|Any CPU
		{6CFF7AAE-12E3-4D02-918F-FBB5A470888A}.Release|Any CPU.Build.0 = Release|Any CPU
		{6CFF7AAE-12E3-4D02-918F-FBB5A470888A}.Release|Mixed Platforms.ActiveCfg = Release|Any CPU
		{6CFF7AAE-12E3-4D02-918F-FBB5A470888A}.Release|Mixed Platforms.Build.0 = Release|Any CPU
		{6CFF7AAE-12E3-4D02-918F-FBB5A470888A}.Release|x64.ActiveCfg = Release|Any CPU
		{6CFF7AAE-12E3-4D02-918F-FBB5A470888A}.Release|x86.ActiveCfg = Release|Any CPU
	EndGlobalSection
	GlobalSection(SolutionProperties) = preSolution
		HideSolutionNode = FALSE
	EndGlobalSection
	GlobalSection(NestedProjects) = preSolution
		{ABAD7CC1-9A85-4F5E-9109-D00F5700CAF1} = {0B85EBDA-504F-4484-A3C6-A912F593CFF2}
		{9A6B1507-AE61-4773-9D72-718E33106397} = {BBCA0133-D1C2-4670-B8D4-4F8A780F6D3B}
		{52ED72A3-CB7B-4E4E-BDD4-B69BA2539BB7} = {D320D6BB-017B-4355-B8EC-A3195D688AF2}
		{361A2EE4-052E-48A9-9C85-384BE33919BC} = {033771BF-81F0-4DBC-9D91-0F1AE6E42D3F}
		{65D9260A-4427-4279-ACAF-FF75DF665CDC} = {361A2EE4-052E-48A9-9C85-384BE33919BC}
		{C9D7DA8E-0289-4BAE-A4D3-CAF5DAD07685} = {361A2EE4-052E-48A9-9C85-384BE33919BC}
		{572DD0A2-1007-4E66-B8CB-33A17EF8396E} = {361A2EE4-052E-48A9-9C85-384BE33919BC}
		{E515458A-256B-4A4E-9F36-DFB49CDCEE94} = {361A2EE4-052E-48A9-9C85-384BE33919BC}
		{90DB8110-EC48-4AC8-BC1F-5B3600CFCF14} = {0B85EBDA-504F-4484-A3C6-A912F593CFF2}
		{97A0FB89-618E-4BB6-9DD3-0D533BFDB8AE} = {61666072-CE36-46CC-B398-B247812CD3B3}
		{28A04C94-9EC1-44C1-8D07-5C0C03296189} = {033771BF-81F0-4DBC-9D91-0F1AE6E42D3F}
		{0375FE71-E444-47F8-9982-A0903C5AAC3C} = {28A04C94-9EC1-44C1-8D07-5C0C03296189}
		{635000E5-C73D-4639-8DF2-C3E5A96A9336} = {28A04C94-9EC1-44C1-8D07-5C0C03296189}
		{6CFF7AAE-12E3-4D02-918F-FBB5A470888A} = {28A04C94-9EC1-44C1-8D07-5C0C03296189}
	EndGlobalSection
EndGlobal
